<?xml version="1.0" encoding="utf-8"?>
<Project ToolsVersion="4.0" xmlns="http://schemas.microsoft.com/developer/msbuild/2003">
  <ItemGroup>
    <Filter Include="win32">
      <UniqueIdentifier>{84a8ebd7-7cf0-47f6-b75e-d441df67da40}</UniqueIdentifier>
    </Filter>
    <Filter Include="resource">
      <UniqueIdentifier>{715254bc-d70b-4ec5-bf29-467dd3ace079}</UniqueIdentifier>
    </Filter>
    <Filter Include="src">
      <UniqueIdentifier>{bb6c862e-70e9-49d9-81b7-3829a6f50471}</UniqueIdentifier>
    </Filter>
    <Filter Include="src\pugixml">
      <UniqueIdentifier>{a4041e72-801c-4783-a391-31ed714f8d63}</UniqueIdentifier>
    </Filter>
    <Filter Include="resource\data">
      <UniqueIdentifier>{51856118-7815-409a-9739-b98dc9ea6dc9}</UniqueIdentifier>
    </Filter>
  </ItemGroup>
  <ItemGroup>
    <ClCompile Include="main.cpp">
      <Filter>win32</Filter>
    </ClCompile>
    <ClCompile Include="..\Classes\AppDelegate.cpp">
      <Filter>src</Filter>
    </ClCompile>
    <ClCompile Include="..\Classes\Player.cpp">
      <Filter>src</Filter>
    </ClCompile>
    <ClCompile Include="..\Classes\ObjManager.cpp">
      <Filter>src</Filter>
    </ClCompile>
    <ClCompile Include="..\Classes\Obj.cpp">
      <Filter>src</Filter>
    </ClCompile>
    <ClCompile Include="..\Classes\GameScene.cpp">
      <Filter>src</Filter>
    </ClCompile>
    <ClCompile Include="..\Classes\ObjRabbit.cpp">
      <Filter>src</Filter>
    </ClCompile>
    <ClCompile Include="..\Classes\StateRabbit.cpp">
      <Filter>src</Filter>
    </ClCompile>
    <ClCompile Include="..\Classes\Attack.cpp">
      <Filter>src</Filter>
    </ClCompile>
    <ClCompile Include="..\Classes\UI.cpp">
      <Filter>src</Filter>
    </ClCompile>
    <ClCompile Include="..\Classes\ObjTree.cpp">
      <Filter>src</Filter>
    </ClCompile>
    <ClCompile Include="..\Classes\StateTree.cpp">
      <Filter>src</Filter>
    </ClCompile>
    <ClCompile Include="..\Classes\ObjSquaral.cpp">
      <Filter>src</Filter>
    </ClCompile>
    <ClCompile Include="..\Classes\StateSquaral.cpp">
      <Filter>src</Filter>
    </ClCompile>
    <ClCompile Include="..\Classes\OverScene.cpp">
      <Filter>src</Filter>
    </ClCompile>
    <ClCompile Include="..\Classes\ObjGuest.cpp">
      <Filter>src</Filter>
    </ClCompile>
    <ClCompile Include="..\Classes\QTree.cpp">
      <Filter>src</Filter>
    </ClCompile>
    <ClCompile Include="..\Classes\ObjEnemy.cpp">
      <Filter>src</Filter>
    </ClCompile>
    <ClCompile Include="..\Classes\StateEnemy.cpp">
      <Filter>src</Filter>
    </ClCompile>
    <ClCompile Include="..\Classes\StateGuest.cpp">
      <Filter>src</Filter>
    </ClCompile>
    <ClCompile Include="..\Classes\Raycasting.cpp">
      <Filter>src</Filter>
    </ClCompile>
    <ClCompile Include="..\Classes\pugixml\pugixml.cpp">
      <Filter>src\pugixml</Filter>
    </ClCompile>
  </ItemGroup>
  <ItemGroup>
    <ClInclude Include="main.h">
      <Filter>win32</Filter>
    </ClInclude>
    <ClInclude Include="..\Classes\AppDelegate.h">
      <Filter>src</Filter>
    </ClInclude>
    <ClInclude Include="..\Classes\Player.h">
      <Filter>src</Filter>
    </ClInclude>
    <ClInclude Include="..\Classes\ObjManager.h">
      <Filter>src</Filter>
    </ClInclude>
    <ClInclude Include="..\Classes\Obj.h">
      <Filter>src</Filter>
    </ClInclude>
    <ClInclude Include="..\Classes\GameScene.h">
      <Filter>src</Filter>
    </ClInclude>
    <ClInclude Include="..\Classes\ObjRabbit.h">
      <Filter>src</Filter>
    </ClInclude>
    <ClInclude Include="..\Classes\StateRabbit.h">
      <Filter>src</Filter>
    </ClInclude>
    <ClInclude Include="..\Classes\Attack.h">
      <Filter>src</Filter>
    </ClInclude>
    <ClInclude Include="..\Classes\UI.h">
      <Filter>src</Filter>
    </ClInclude>
    <ClInclude Include="..\Classes\ObjTree.h">
      <Filter>src</Filter>
    </ClInclude>
    <ClInclude Include="..\Classes\StateTree.h">
      <Filter>src</Filter>
    </ClInclude>
    <ClInclude Include="..\Classes\ObjSquaral.h">
      <Filter>src</Filter>
    </ClInclude>
    <ClInclude Include="..\Classes\StateSquaral.h">
      <Filter>src</Filter>
    </ClInclude>
    <ClInclude Include="..\Classes\OverScene.h">
      <Filter>src</Filter>
    </ClInclude>
    <ClInclude Include="..\Classes\ObjGuest.h">
      <Filter>src</Filter>
    </ClInclude>
    <ClInclude Include="..\Classes\QTree.h">
      <Filter>src</Filter>
    </ClInclude>
    <ClInclude Include="..\Classes\ObjEnemy.h">
      <Filter>src</Filter>
    </ClInclude>
    <ClInclude Include="..\Classes\StateEnemy.h">
      <Filter>src</Filter>
    </ClInclude>
    <ClInclude Include="..\Classes\StateGuest.h">
      <Filter>src</Filter>
    </ClInclude>
    <ClInclude Include="..\Classes\Raycasting.h">
      <Filter>src</Filter>
    </ClInclude>
    <ClInclude Include="..\Classes\pugixml\pugiconfig.hpp">
      <Filter>src\pugixml</Filter>
    </ClInclude>
    <ClInclude Include="..\Classes\pugixml\pugixml.hpp">
      <Filter>src\pugixml</Filter>
    </ClInclude>
  </ItemGroup>
  <ItemGroup>
    <ResourceCompile Include="game.rc">
      <Filter>resource</Filter>
    </ResourceCompile>
  </ItemGroup>
  <ItemGroup>
    <Xml Include="..\Resources\data\data.xml">
      <Filter>resource\data</Filter>
    </Xml>
  </ItemGroup>
</Project>